
Microsoft Visual Studio Solution File, Format Version 12.00
# Visual Studio 14
VisualStudioVersion = 14.0.25420.1
MinimumVisualStudioVersion = 10.0.40219.1
Project("{2150E333-8FDC-42A3-9474-1A3956D46DE8}") = "1-AquitecturaTradicional", "1-AquitecturaTradicional", "{EF5CBD98-E52D-479F-9B5B-2C4D27E0379D}"
EndProject
Project("{2150E333-8FDC-42A3-9474-1A3956D46DE8}") = "2-InversiondeDependencia(DIP)", "2-InversiondeDependencia(DIP)", "{C9336807-D223-4CAC-A9FF-B98EC3D4DC26}"
EndProject
Project("{2150E333-8FDC-42A3-9474-1A3956D46DE8}") = "4-InversiondeControl(IoC)", "4-InversiondeControl(IoC)", "{857DE4D5-CE21-464C-93B9-2DED264FBD95}"
EndProject
Project("{FAE04EC0-301F-11D3-BF4B-00C04F79EFBC}") = "Datos", "Datos\Datos.csproj", "{4D856FCB-F40D-4076-87C3-4CBD0B7651FD}"
EndProject
Project("{FAE04EC0-301F-11D3-BF4B-00C04F79EFBC}") = "Negocio", "Negocio\Negocio.csproj", "{B2B192B3-250C-413F-B2BB-789A4DF679AD}"
EndProject
Project("{FAE04EC0-301F-11D3-BF4B-00C04F79EFBC}") = "Presentacion", "Presentacion\Presentacion.csproj", "{492DACB3-6CBC-49B8-89D8-BE2DA97CFF8A}"
EndProject
Project("{FAE04EC0-301F-11D3-BF4B-00C04F79EFBC}") = "Capa_Datos", "Capa_Datos\Capa_Datos.csproj", "{CF4DE46B-592F-450B-8692-E02D85D4425A}"
EndProject
Project("{FAE04EC0-301F-11D3-BF4B-00C04F79EFBC}") = "Capa_Negocio", "CapaNegocio\Capa_Negocio.csproj", "{15BC524E-4502-4594-AF0C-7E1888B632FD}"
EndProject
Project("{FAE04EC0-301F-11D3-BF4B-00C04F79EFBC}") = "Capa_Presentacion", "Capa_Presentacion\Capa_Presentacion.csproj", "{AAF2C816-7341-4288-92E8-DEFE54E019A6}"
EndProject
Project("{FAE04EC0-301F-11D3-BF4B-00C04F79EFBC}") = "Data", "Data\Data.csproj", "{888D4294-0538-491D-BC7C-2140757737EF}"
EndProject
Project("{FAE04EC0-301F-11D3-BF4B-00C04F79EFBC}") = "Business", "Business\Business.csproj", "{5B4CCB90-0C06-4BB1-86C0-70026C377F52}"
EndProject
Project("{FAE04EC0-301F-11D3-BF4B-00C04F79EFBC}") = "UI", "UI\UI.csproj", "{6C03CC8C-CEA8-439F-BE7B-BDF96404B994}"
EndProject
Project("{FAE04EC0-301F-11D3-BF4B-00C04F79EFBC}") = "IoC", "IoC\IoC.csproj", "{05CC71A8-2A5F-4ECE-9EFE-C2A1EE91F345}"
EndProject
Project("{2150E333-8FDC-42A3-9474-1A3956D46DE8}") = "3-InyecciondeDependencia(DI)", "3-InyecciondeDependencia(DI)", "{3C54F708-DCAD-4CEF-A33D-DB2CAEBAEFBB}"
EndProject
Project("{FAE04EC0-301F-11D3-BF4B-00C04F79EFBC}") = "UI_DIP", "UI_DIP\UI_DIP.csproj", "{3B869038-46AA-4A23-AECB-9167326F83C3}"
EndProject
Project("{2150E333-8FDC-42A3-9474-1A3956D46DE8}") = "7-PatroUnidaddeTrabajo", "7-PatroUnidaddeTrabajo", "{71E17530-C19B-4D09-AC58-FF7DE4FB2745}"
EndProject
Project("{FAE04EC0-301F-11D3-BF4B-00C04F79EFBC}") = "CF_Datos", "CF_Datos\CF_Datos.csproj", "{0DE2E283-9594-4749-B338-50A79E403B20}"
EndProject
Project("{FAE04EC0-301F-11D3-BF4B-00C04F79EFBC}") = "CF_Negocio", "CF_Negocio\CF_Negocio.csproj", "{B2C597B9-239B-41D9-B2CD-3E8D832207E2}"
EndProject
Project("{FAE04EC0-301F-11D3-BF4B-00C04F79EFBC}") = "CF_Presentacion", "CF_Presentacion\CF_Presentacion.csproj", "{B13322DF-3246-4AF2-852D-0904E16E598A}"
EndProject
Project("{FAE04EC0-301F-11D3-BF4B-00C04F79EFBC}") = "CF_IoC", "CF_IoC\CF_IoC.csproj", "{57053959-4122-4A2D-A065-63641B09AC5F}"
EndProject
Project("{2150E333-8FDC-42A3-9474-1A3956D46DE8}") = "5-CodFirst", "5-CodFirst", "{B3A8B288-9FD9-4194-A99F-D5125892955E}"
EndProject
Project("{2150E333-8FDC-42A3-9474-1A3956D46DE8}") = "6-PatronRepositorio", "6-PatronRepositorio", "{9864444E-AA57-4511-B77C-50CB4046B691}"
EndProject
Project("{FAE04EC0-301F-11D3-BF4B-00C04F79EFBC}") = "CodFirst", "CodFirst\CodFirst.csproj", "{9FF782F4-CCE2-4489-8082-C1D17626B02E}"
EndProject
Project("{FAE04EC0-301F-11D3-BF4B-00C04F79EFBC}") = "PracticaDI", "PracticaDI\PracticaDI.csproj", "{11B33610-6F83-4F60-9F1B-26761857259D}"
EndProject
Project("{FAE04EC0-301F-11D3-BF4B-00C04F79EFBC}") = "DatosRP", "DatosRP\DatosRP.csproj", "{CC0790FF-4F4A-4384-BDC6-0D334F068C16}"
EndProject
Project("{FAE04EC0-301F-11D3-BF4B-00C04F79EFBC}") = "NegocioRP", "NegocioRP\NegocioRP.csproj", "{5FD367E9-DBCB-4551-A7C6-A6BC8A6A9E36}"
EndProject
Project("{FAE04EC0-301F-11D3-BF4B-00C04F79EFBC}") = "PresentacionRP", "PresentacionRP\PresentacionRP.csproj", "{7D661A56-B90C-4B4E-B994-8406842CCB7F}"
EndProject
Project("{FAE04EC0-301F-11D3-BF4B-00C04F79EFBC}") = "IoCRP", "IoCRP\IoCRP.csproj", "{81028FB7-0CBF-4B59-BF07-6B05508DA1E5}"
EndProject
Project("{2150E333-8FDC-42A3-9474-1A3956D46DE8}") = "1-Tradicional", "1-Tradicional", "{8746AAAF-57BB-499A-948D-CC4F3BCBDF90}"
EndProject
Project("{2150E333-8FDC-42A3-9474-1A3956D46DE8}") = "2-Generico", "2-Generico", "{6A42C55F-DD30-4FD8-99F7-C256C03FD276}"
EndProject
Project("{FAE04EC0-301F-11D3-BF4B-00C04F79EFBC}") = "DatosPRG", "DatosPRG\DatosPRG.csproj", "{BC985872-61CF-404A-B81D-D3BCB43A31C9}"
EndProject
Project("{FAE04EC0-301F-11D3-BF4B-00C04F79EFBC}") = "NegocioPRG", "NegocioPRG\NegocioPRG.csproj", "{492204A7-4760-45A3-9F5D-A1A3C2D0375B}"
EndProject
Project("{FAE04EC0-301F-11D3-BF4B-00C04F79EFBC}") = "PresentacionPRG", "PresentacionPRG\PresentacionPRG.csproj", "{8253189F-EB3E-44DD-9AF4-4C8D92A56FE9}"
EndProject
Project("{FAE04EC0-301F-11D3-BF4B-00C04F79EFBC}") = "IoCPRG", "IoCPRG\IoCPRG.csproj", "{6FD4502C-A2B1-43AB-9848-F4F09321756D}"
EndProject
Project("{2150E333-8FDC-42A3-9474-1A3956D46DE8}") = "Ejemplo1", "Ejemplo1", "{0AE6E632-E892-44C9-9C64-51A6CDDF4230}"
EndProject
Project("{2150E333-8FDC-42A3-9474-1A3956D46DE8}") = "Ejemplo2", "Ejemplo2", "{3CFF9AF7-C419-406A-A90C-D9E01772DC8E}"
EndProject
Project("{2150E333-8FDC-42A3-9474-1A3956D46DE8}") = "8-TDD", "8-TDD", "{A3C3A9B3-C696-4126-83AB-7B8487557DAE}"
EndProject
Project("{FAE04EC0-301F-11D3-BF4B-00C04F79EFBC}") = "UnitTest", "UnitTest\UnitTest.csproj", "{B51CA160-16BD-4FB1-9BD7-9D84E4B61839}"
EndProject
Global
	GlobalSection(SolutionConfigurationPlatforms) = preSolution
		Debug|Any CPU = Debug|Any CPU
		Release|Any CPU = Release|Any CPU
	EndGlobalSection
	GlobalSection(ProjectConfigurationPlatforms) = postSolution
		{4D856FCB-F40D-4076-87C3-4CBD0B7651FD}.Debug|Any CPU.ActiveCfg = Debug|Any CPU
		{4D856FCB-F40D-4076-87C3-4CBD0B7651FD}.Debug|Any CPU.Build.0 = Debug|Any CPU
		{4D856FCB-F40D-4076-87C3-4CBD0B7651FD}.Release|Any CPU.ActiveCfg = Release|Any CPU
		{4D856FCB-F40D-4076-87C3-4CBD0B7651FD}.Release|Any CPU.Build.0 = Release|Any CPU
		{B2B192B3-250C-413F-B2BB-789A4DF679AD}.Debug|Any CPU.ActiveCfg = Debug|Any CPU
		{B2B192B3-250C-413F-B2BB-789A4DF679AD}.Debug|Any CPU.Build.0 = Debug|Any CPU
		{B2B192B3-250C-413F-B2BB-789A4DF679AD}.Release|Any CPU.ActiveCfg = Release|Any CPU
		{B2B192B3-250C-413F-B2BB-789A4DF679AD}.Release|Any CPU.Build.0 = Release|Any CPU
		{492DACB3-6CBC-49B8-89D8-BE2DA97CFF8A}.Debug|Any CPU.ActiveCfg = Debug|Any CPU
		{492DACB3-6CBC-49B8-89D8-BE2DA97CFF8A}.Debug|Any CPU.Build.0 = Debug|Any CPU
		{492DACB3-6CBC-49B8-89D8-BE2DA97CFF8A}.Release|Any CPU.ActiveCfg = Release|Any CPU
		{492DACB3-6CBC-49B8-89D8-BE2DA97CFF8A}.Release|Any CPU.Build.0 = Release|Any CPU
		{CF4DE46B-592F-450B-8692-E02D85D4425A}.Debug|Any CPU.ActiveCfg = Debug|Any CPU
		{CF4DE46B-592F-450B-8692-E02D85D4425A}.Debug|Any CPU.Build.0 = Debug|Any CPU
		{CF4DE46B-592F-450B-8692-E02D85D4425A}.Release|Any CPU.ActiveCfg = Release|Any CPU
		{CF4DE46B-592F-450B-8692-E02D85D4425A}.Release|Any CPU.Build.0 = Release|Any CPU
		{15BC524E-4502-4594-AF0C-7E1888B632FD}.Debug|Any CPU.ActiveCfg = Debug|Any CPU
		{15BC524E-4502-4594-AF0C-7E1888B632FD}.Debug|Any CPU.Build.0 = Debug|Any CPU
		{15BC524E-4502-4594-AF0C-7E1888B632FD}.Release|Any CPU.ActiveCfg = Release|Any CPU
		{15BC524E-4502-4594-AF0C-7E1888B632FD}.Release|Any CPU.Build.0 = Release|Any CPU
		{AAF2C816-7341-4288-92E8-DEFE54E019A6}.Debug|Any CPU.ActiveCfg = Debug|Any CPU
		{AAF2C816-7341-4288-92E8-DEFE54E019A6}.Debug|Any CPU.Build.0 = Debug|Any CPU
		{AAF2C816-7341-4288-92E8-DEFE54E019A6}.Release|Any CPU.ActiveCfg = Release|Any CPU
		{AAF2C816-7341-4288-92E8-DEFE54E019A6}.Release|Any CPU.Build.0 = Release|Any CPU
		{888D4294-0538-491D-BC7C-2140757737EF}.Debug|Any CPU.ActiveCfg = Debug|Any CPU
		{888D4294-0538-491D-BC7C-2140757737EF}.Debug|Any CPU.Build.0 = Debug|Any CPU
		{888D4294-0538-491D-BC7C-2140757737EF}.Release|Any CPU.ActiveCfg = Release|Any CPU
		{888D4294-0538-491D-BC7C-2140757737EF}.Release|Any CPU.Build.0 = Release|Any CPU
		{5B4CCB90-0C06-4BB1-86C0-70026C377F52}.Debug|Any CPU.ActiveCfg = Debug|Any CPU
		{5B4CCB90-0C06-4BB1-86C0-70026C377F52}.Debug|Any CPU.Build.0 = Debug|Any CPU
		{5B4CCB90-0C06-4BB1-86C0-70026C377F52}.Release|Any CPU.ActiveCfg = Release|Any CPU
		{5B4CCB90-0C06-4BB1-86C0-70026C377F52}.Release|Any CPU.Build.0 = Release|Any CPU
		{6C03CC8C-CEA8-439F-BE7B-BDF96404B994}.Debug|Any CPU.ActiveCfg = Debug|Any CPU
		{6C03CC8C-CEA8-439F-BE7B-BDF96404B994}.Debug|Any CPU.Build.0 = Debug|Any CPU
		{6C03CC8C-CEA8-439F-BE7B-BDF96404B994}.Release|Any CPU.ActiveCfg = Release|Any CPU
		{6C03CC8C-CEA8-439F-BE7B-BDF96404B994}.Release|Any CPU.Build.0 = Release|Any CPU
		{05CC71A8-2A5F-4ECE-9EFE-C2A1EE91F345}.Debug|Any CPU.ActiveCfg = Debug|Any CPU
		{05CC71A8-2A5F-4ECE-9EFE-C2A1EE91F345}.Debug|Any CPU.Build.0 = Debug|Any CPU
		{05CC71A8-2A5F-4ECE-9EFE-C2A1EE91F345}.Release|Any CPU.ActiveCfg = Release|Any CPU
		{05CC71A8-2A5F-4ECE-9EFE-C2A1EE91F345}.Release|Any CPU.Build.0 = Release|Any CPU
		{3B869038-46AA-4A23-AECB-9167326F83C3}.Debug|Any CPU.ActiveCfg = Debug|Any CPU
		{3B869038-46AA-4A23-AECB-9167326F83C3}.Debug|Any CPU.Build.0 = Debug|Any CPU
		{3B869038-46AA-4A23-AECB-9167326F83C3}.Release|Any CPU.ActiveCfg = Release|Any CPU
		{3B869038-46AA-4A23-AECB-9167326F83C3}.Release|Any CPU.Build.0 = Release|Any CPU
		{0DE2E283-9594-4749-B338-50A79E403B20}.Debug|Any CPU.ActiveCfg = Debug|Any CPU
		{0DE2E283-9594-4749-B338-50A79E403B20}.Debug|Any CPU.Build.0 = Debug|Any CPU
		{0DE2E283-9594-4749-B338-50A79E403B20}.Release|Any CPU.ActiveCfg = Release|Any CPU
		{0DE2E283-9594-4749-B338-50A79E403B20}.Release|Any CPU.Build.0 = Release|Any CPU
		{B2C597B9-239B-41D9-B2CD-3E8D832207E2}.Debug|Any CPU.ActiveCfg = Debug|Any CPU
		{B2C597B9-239B-41D9-B2CD-3E8D832207E2}.Debug|Any CPU.Build.0 = Debug|Any CPU
		{B2C597B9-239B-41D9-B2CD-3E8D832207E2}.Release|Any CPU.ActiveCfg = Release|Any CPU
		{B2C597B9-239B-41D9-B2CD-3E8D832207E2}.Release|Any CPU.Build.0 = Release|Any CPU
		{B13322DF-3246-4AF2-852D-0904E16E598A}.Debug|Any CPU.ActiveCfg = Debug|Any CPU
		{B13322DF-3246-4AF2-852D-0904E16E598A}.Debug|Any CPU.Build.0 = Debug|Any CPU
		{B13322DF-3246-4AF2-852D-0904E16E598A}.Release|Any CPU.ActiveCfg = Release|Any CPU
		{B13322DF-3246-4AF2-852D-0904E16E598A}.Release|Any CPU.Build.0 = Release|Any CPU
		{57053959-4122-4A2D-A065-63641B09AC5F}.Debug|Any CPU.ActiveCfg = Debug|Any CPU
		{57053959-4122-4A2D-A065-63641B09AC5F}.Debug|Any CPU.Build.0 = Debug|Any CPU
		{57053959-4122-4A2D-A065-63641B09AC5F}.Release|Any CPU.ActiveCfg = Release|Any CPU
		{57053959-4122-4A2D-A065-63641B09AC5F}.Release|Any CPU.Build.0 = Release|Any CPU
		{9FF782F4-CCE2-4489-8082-C1D17626B02E}.Debug|Any CPU.ActiveCfg = Debug|Any CPU
		{9FF782F4-CCE2-4489-8082-C1D17626B02E}.Debug|Any CPU.Build.0 = Debug|Any CPU
		{9FF782F4-CCE2-4489-8082-C1D17626B02E}.Release|Any CPU.ActiveCfg = Release|Any CPU
		{9FF782F4-CCE2-4489-8082-C1D17626B02E}.Release|Any CPU.Build.0 = Release|Any CPU
		{11B33610-6F83-4F60-9F1B-26761857259D}.Debug|Any CPU.ActiveCfg = Debug|Any CPU
		{11B33610-6F83-4F60-9F1B-26761857259D}.Debug|Any CPU.Build.0 = Debug|Any CPU
		{11B33610-6F83-4F60-9F1B-26761857259D}.Release|Any CPU.ActiveCfg = Release|Any CPU
		{11B33610-6F83-4F60-9F1B-26761857259D}.Release|Any CPU.Build.0 = Release|Any CPU
		{CC0790FF-4F4A-4384-BDC6-0D334F068C16}.Debug|Any CPU.ActiveCfg = Debug|Any CPU
		{CC0790FF-4F4A-4384-BDC6-0D334F068C16}.Debug|Any CPU.Build.0 = Debug|Any CPU
		{CC0790FF-4F4A-4384-BDC6-0D334F068C16}.Release|Any CPU.ActiveCfg = Release|Any CPU
		{CC0790FF-4F4A-4384-BDC6-0D334F068C16}.Release|Any CPU.Build.0 = Release|Any CPU
		{5FD367E9-DBCB-4551-A7C6-A6BC8A6A9E36}.Debug|Any CPU.ActiveCfg = Debug|Any CPU
		{5FD367E9-DBCB-4551-A7C6-A6BC8A6A9E36}.Debug|Any CPU.Build.0 = Debug|Any CPU
		{5FD367E9-DBCB-4551-A7C6-A6BC8A6A9E36}.Release|Any CPU.ActiveCfg = Release|Any CPU
		{5FD367E9-DBCB-4551-A7C6-A6BC8A6A9E36}.Release|Any CPU.Build.0 = Release|Any CPU
		{7D661A56-B90C-4B4E-B994-8406842CCB7F}.Debug|Any CPU.ActiveCfg = Debug|Any CPU
		{7D661A56-B90C-4B4E-B994-8406842CCB7F}.Debug|Any CPU.Build.0 = Debug|Any CPU
		{7D661A56-B90C-4B4E-B994-8406842CCB7F}.Release|Any CPU.ActiveCfg = Release|Any CPU
		{7D661A56-B90C-4B4E-B994-8406842CCB7F}.Release|Any CPU.Build.0 = Release|Any CPU
		{81028FB7-0CBF-4B59-BF07-6B05508DA1E5}.Debug|Any CPU.ActiveCfg = Debug|Any CPU
		{81028FB7-0CBF-4B59-BF07-6B05508DA1E5}.Debug|Any CPU.Build.0 = Debug|Any CPU
		{81028FB7-0CBF-4B59-BF07-6B05508DA1E5}.Release|Any CPU.ActiveCfg = Release|Any CPU
		{81028FB7-0CBF-4B59-BF07-6B05508DA1E5}.Release|Any CPU.Build.0 = Release|Any CPU
		{BC985872-61CF-404A-B81D-D3BCB43A31C9}.Debug|Any CPU.ActiveCfg = Debug|Any CPU
		{BC985872-61CF-404A-B81D-D3BCB43A31C9}.Debug|Any CPU.Build.0 = Debug|Any CPU
		{BC985872-61CF-404A-B81D-D3BCB43A31C9}.Release|Any CPU.ActiveCfg = Release|Any CPU
		{BC985872-61CF-404A-B81D-D3BCB43A31C9}.Release|Any CPU.Build.0 = Release|Any CPU
		{492204A7-4760-45A3-9F5D-A1A3C2D0375B}.Debug|Any CPU.ActiveCfg = Debug|Any CPU
		{492204A7-4760-45A3-9F5D-A1A3C2D0375B}.Debug|Any CPU.Build.0 = Debug|Any CPU
		{492204A7-4760-45A3-9F5D-A1A3C2D0375B}.Release|Any CPU.ActiveCfg = Release|Any CPU
		{492204A7-4760-45A3-9F5D-A1A3C2D0375B}.Release|Any CPU.Build.0 = Release|Any CPU
		{8253189F-EB3E-44DD-9AF4-4C8D92A56FE9}.Debug|Any CPU.ActiveCfg = Debug|Any CPU
		{8253189F-EB3E-44DD-9AF4-4C8D92A56FE9}.Debug|Any CPU.Build.0 = Debug|Any CPU
		{8253189F-EB3E-44DD-9AF4-4C8D92A56FE9}.Release|Any CPU.ActiveCfg = Release|Any CPU
		{8253189F-EB3E-44DD-9AF4-4C8D92A56FE9}.Release|Any CPU.Build.0 = Release|Any CPU
		{6FD4502C-A2B1-43AB-9848-F4F09321756D}.Debug|Any CPU.ActiveCfg = Debug|Any CPU
		{6FD4502C-A2B1-43AB-9848-F4F09321756D}.Debug|Any CPU.Build.0 = Debug|Any CPU
		{6FD4502C-A2B1-43AB-9848-F4F09321756D}.Release|Any CPU.ActiveCfg = Release|Any CPU
		{6FD4502C-A2B1-43AB-9848-F4F09321756D}.Release|Any CPU.Build.0 = Release|Any CPU
		{B51CA160-16BD-4FB1-9BD7-9D84E4B61839}.Debug|Any CPU.ActiveCfg = Debug|Any CPU
		{B51CA160-16BD-4FB1-9BD7-9D84E4B61839}.Debug|Any CPU.Build.0 = Debug|Any CPU
		{B51CA160-16BD-4FB1-9BD7-9D84E4B61839}.Release|Any CPU.ActiveCfg = Release|Any CPU
		{B51CA160-16BD-4FB1-9BD7-9D84E4B61839}.Release|Any CPU.Build.0 = Release|Any CPU
	EndGlobalSection
	GlobalSection(SolutionProperties) = preSolution
		HideSolutionNode = FALSE
	EndGlobalSection
	GlobalSection(NestedProjects) = preSolution
		{4D856FCB-F40D-4076-87C3-4CBD0B7651FD} = {EF5CBD98-E52D-479F-9B5B-2C4D27E0379D}
		{B2B192B3-250C-413F-B2BB-789A4DF679AD} = {EF5CBD98-E52D-479F-9B5B-2C4D27E0379D}
		{492DACB3-6CBC-49B8-89D8-BE2DA97CFF8A} = {EF5CBD98-E52D-479F-9B5B-2C4D27E0379D}
		{CF4DE46B-592F-450B-8692-E02D85D4425A} = {C9336807-D223-4CAC-A9FF-B98EC3D4DC26}
		{15BC524E-4502-4594-AF0C-7E1888B632FD} = {C9336807-D223-4CAC-A9FF-B98EC3D4DC26}
		{AAF2C816-7341-4288-92E8-DEFE54E019A6} = {C9336807-D223-4CAC-A9FF-B98EC3D4DC26}
		{888D4294-0538-491D-BC7C-2140757737EF} = {857DE4D5-CE21-464C-93B9-2DED264FBD95}
		{5B4CCB90-0C06-4BB1-86C0-70026C377F52} = {857DE4D5-CE21-464C-93B9-2DED264FBD95}
		{6C03CC8C-CEA8-439F-BE7B-BDF96404B994} = {857DE4D5-CE21-464C-93B9-2DED264FBD95}
		{05CC71A8-2A5F-4ECE-9EFE-C2A1EE91F345} = {857DE4D5-CE21-464C-93B9-2DED264FBD95}
		{3B869038-46AA-4A23-AECB-9167326F83C3} = {0AE6E632-E892-44C9-9C64-51A6CDDF4230}
		{0DE2E283-9594-4749-B338-50A79E403B20} = {71E17530-C19B-4D09-AC58-FF7DE4FB2745}
		{B2C597B9-239B-41D9-B2CD-3E8D832207E2} = {71E17530-C19B-4D09-AC58-FF7DE4FB2745}
		{B13322DF-3246-4AF2-852D-0904E16E598A} = {71E17530-C19B-4D09-AC58-FF7DE4FB2745}
		{57053959-4122-4A2D-A065-63641B09AC5F} = {71E17530-C19B-4D09-AC58-FF7DE4FB2745}
		{9FF782F4-CCE2-4489-8082-C1D17626B02E} = {B3A8B288-9FD9-4194-A99F-D5125892955E}
		{11B33610-6F83-4F60-9F1B-26761857259D} = {3CFF9AF7-C419-406A-A90C-D9E01772DC8E}
		{CC0790FF-4F4A-4384-BDC6-0D334F068C16} = {8746AAAF-57BB-499A-948D-CC4F3BCBDF90}
		{5FD367E9-DBCB-4551-A7C6-A6BC8A6A9E36} = {8746AAAF-57BB-499A-948D-CC4F3BCBDF90}
		{7D661A56-B90C-4B4E-B994-8406842CCB7F} = {8746AAAF-57BB-499A-948D-CC4F3BCBDF90}
		{81028FB7-0CBF-4B59-BF07-6B05508DA1E5} = {8746AAAF-57BB-499A-948D-CC4F3BCBDF90}
		{8746AAAF-57BB-499A-948D-CC4F3BCBDF90} = {9864444E-AA57-4511-B77C-50CB4046B691}
		{6A42C55F-DD30-4FD8-99F7-C256C03FD276} = {9864444E-AA57-4511-B77C-50CB4046B691}
		{BC985872-61CF-404A-B81D-D3BCB43A31C9} = {6A42C55F-DD30-4FD8-99F7-C256C03FD276}
		{492204A7-4760-45A3-9F5D-A1A3C2D0375B} = {6A42C55F-DD30-4FD8-99F7-C256C03FD276}
		{8253189F-EB3E-44DD-9AF4-4C8D92A56FE9} = {6A42C55F-DD30-4FD8-99F7-C256C03FD276}
		{6FD4502C-A2B1-43AB-9848-F4F09321756D} = {6A42C55F-DD30-4FD8-99F7-C256C03FD276}
		{0AE6E632-E892-44C9-9C64-51A6CDDF4230} = {3C54F708-DCAD-4CEF-A33D-DB2CAEBAEFBB}
		{3CFF9AF7-C419-406A-A90C-D9E01772DC8E} = {3C54F708-DCAD-4CEF-A33D-DB2CAEBAEFBB}
		{B51CA160-16BD-4FB1-9BD7-9D84E4B61839} = {A3C3A9B3-C696-4126-83AB-7B8487557DAE}
	EndGlobalSection
EndGlobal
